
Microsoft Visual Studio Solution File, Format Version 12.00
# Visual Studio Version 17
VisualStudioVersion = 17.13.35931.197
MinimumVisualStudioVersion = 10.0.40219.1
Project("{FAE04EC0-301F-11D3-BF4B-00C04F79EFBC}") = "Suendenbock_App", "Suendenbock_App\Suendenbock_App.csproj", "{D082B29D-83DE-4698-B6BC-AE6F214BAD25}"
EndProject
Project("{FAE04EC0-301F-11D3-BF4B-00C04F79EFBC}") = "Suendenbock_Migration", "Suendenbock_Migration\Suendenbock_Migration.csproj", "{4B9F3103-28D2-4E18-A692-2A39B8B920EB}"
EndProject
Global
	GlobalSection(SolutionConfigurationPlatforms) = preSolution
		Debug|Any CPU = Debug|Any CPU
		Release|Any CPU = Release|Any CPU
	EndGlobalSection
	GlobalSection(ProjectConfigurationPlatforms) = postSolution
		{D082B29D-83DE-4698-B6BC-AE6F214BAD25}.Debug|Any CPU.ActiveCfg = Debug|Any CPU
		{D082B29D-83DE-4698-B6BC-AE6F214BAD25}.Debug|Any CPU.Build.0 = Debug|Any CPU
		{D082B29D-83DE-4698-B6BC-AE6F214BAD25}.Release|Any CPU.ActiveCfg = Release|Any CPU
		{D082B29D-83DE-4698-B6BC-AE6F214BAD25}.Release|Any CPU.Build.0 = Release|Any CPU
		{4B9F3103-28D2-4E18-A692-2A39B8B920EB}.Debug|Any CPU.ActiveCfg = Debug|Any CPU
		{4B9F3103-28D2-4E18-A692-2A39B8B920EB}.Debug|Any CPU.Build.0 = Debug|Any CPU
		{4B9F3103-28D2-4E18-A692-2A39B8B920EB}.Release|Any CPU.ActiveCfg = Release|Any CPU
		{4B9F3103-28D2-4E18-A692-2A39B8B920EB}.Release|Any CPU.Build.0 = Release|Any CPU
	EndGlobalSection
	GlobalSection(SolutionProperties) = preSolution
		HideSolutionNode = FALSE
	EndGlobalSection
	GlobalSection(ExtensibilityGlobals) = postSolution
		SolutionGuid = {08F8F9DE-2B68-4F3B-BA42-E38FF9BD4DE3}
	EndGlobalSection
EndGlobal
